<?xml version="1.0" encoding="utf-8"?>
<Project ToolsVersion="4.0" xmlns="http://schemas.microsoft.com/developer/msbuild/2003">
  <ItemGroup>
    <ClCompile Include="main.cpp">
      <Filter>cpp</Filter>
    </ClCompile>
    <ClCompile Include="StreamCsv.cpp">
      <Filter>cpp</Filter>
    </ClCompile>
  </ItemGroup>
  <ItemGroup>
    <ClInclude Include="cmdline.h">
      <Filter>header</Filter>
    </ClInclude>
    <ClInclude Include="StreamCsv.h">
      <Filter>header</Filter>
    </ClInclude>
    <ClInclude Include="picojson.h">
      <Filter>header</Filter>
    </ClInclude>
  </ItemGroup>
  <ItemGroup>
    <Filter Include="cpp">
      <UniqueIdentifier>{e44b8389-cd50-4838-b2fe-8e9b718e7f76}</UniqueIdentifier>
    </Filter>
    <Filter Include="header">
      <UniqueIdentifier>{d697c144-8d62-4e82-80ad-4c2c5ca1049c}</UniqueIdentifier>
    </Filter>
  </ItemGroup>
</Project>